{
  "name": "kbin-usability-pack",
  "version": "0.2.1",
  "lockfileVersion": 2,
  "requires": true,
  "packages": {
    "": {
      "name": "kbin-usability-pack",
      "version": "0.2.1",
      "license": "MIT",
      "dependencies": {
        "esbuild-inline-sass": "^0.4.1"
      },
      "devDependencies": {
        "@es-exec/esbuild-plugin-start": "^0.0.5",
        "esbuild": "^0.18.10"
      }
    },
    "node_modules/@es-exec/esbuild-plugin-start": {
      "version": "0.0.5",
      "resolved": "https://registry.npmjs.org/@es-exec/esbuild-plugin-start/-/esbuild-plugin-start-0.0.5.tgz",
      "integrity": "sha512-x7o0RNRqqET9xGezuhs8eUnDmm3LiAiwYY4qBtGGQ9+bn7711ce/ZGpseh/OjSFIgXxnyLLcTyOQQie02qP0qg==",
      "dev": true,
      "dependencies": {
        "@es-exec/plugins-shared": "0.0.5",
        "@es-exec/utils": "0.0.5"
      }
    },
    "node_modules/@es-exec/plugins-shared": {
      "version": "0.0.5",
      "resolved": "https://registry.npmjs.org/@es-exec/plugins-shared/-/plugins-shared-0.0.5.tgz",
      "integrity": "sha512-ikrYz1dOmtLbK4lCCEWpAACXxVmsaq1qCtAClAej1RgConcwk2s4fSlin0u50RD43gyL7iE0a0hqDnnR+Q460A==",
      "dev": true,
      "dependencies": {
        "@es-exec/utils": "0.0.5"
      }
    },
    "node_modules/@es-exec/utils": {
      "version": "0.0.5",
      "resolved": "https://registry.npmjs.org/@es-exec/utils/-/utils-0.0.5.tgz",
      "integrity": "sha512-1hr7c/wgiFaBxsuaDBmZ1gef3he5UTU3uywsby3RtuwMvye1010KYm0Frb50iiS80Lq5wslqe/N7IUjcPoBU0g==",
      "dev": true,
      "dependencies": {
        "chalk": "4.1.2"
      }
    },
    "node_modules/@esbuild/android-arm": {
      "version": "0.18.10",
      "resolved": "https://registry.npmjs.org/@esbuild/android-arm/-/android-arm-0.18.10.tgz",
      "integrity": "sha512-3KClmVNd+Fku82uZJz5C4Rx8m1PPmWUFz5Zkw8jkpZPOmsq+EG1TTOtw1OXkHuX3WczOFQigrtf60B1ijKwNsg==",
      "cpu": [
        "arm"
      ],
      "optional": true,
      "os": [
        "android"
      ],
      "engines": {
        "node": ">=12"
      }
    },
    "node_modules/@esbuild/android-arm64": {
      "version": "0.18.10",
      "resolved": "https://registry.npmjs.org/@esbuild/android-arm64/-/android-arm64-0.18.10.tgz",
      "integrity": "sha512-ynm4naLbNbK0ajf9LUWtQB+6Vfg1Z/AplArqr4tGebC00Z6m9Y91OVIcjDa461wGcZwcaHYaZAab4yJxfhisTQ==",
      "cpu": [
        "arm64"
      ],
      "optional": true,
      "os": [
        "android"
      ],
      "engines": {
        "node": ">=12"
      }
    },
    "node_modules/@esbuild/android-x64": {
      "version": "0.18.10",
      "resolved": "https://registry.npmjs.org/@esbuild/android-x64/-/android-x64-0.18.10.tgz",
      "integrity": "sha512-vFfXj8P9Yfjh54yqUDEHKzqzYuEfPyAOl3z7R9hjkwt+NCvbn9VMxX+IILnAfdImRBfYVItgSUsqGKhJFnBwZw==",
      "cpu": [
        "x64"
      ],
      "optional": true,
      "os": [
        "android"
      ],
      "engines": {
        "node": ">=12"
      }
    },
    "node_modules/@esbuild/darwin-arm64": {
      "version": "0.18.10",
      "resolved": "https://registry.npmjs.org/@esbuild/darwin-arm64/-/darwin-arm64-0.18.10.tgz",
      "integrity": "sha512-k2OJQ7ZxE6sVc91+MQeZH9gFeDAH2uIYALPAwTjTCvcPy9Dzrf7V7gFUQPYkn09zloWhQ+nvxWHia2x2ZLR0sQ==",
      "cpu": [
        "arm64"
      ],
      "optional": true,
      "os": [
        "darwin"
      ],
      "engines": {
        "node": ">=12"
      }
    },
    "node_modules/@esbuild/darwin-x64": {
      "version": "0.18.10",
      "resolved": "https://registry.npmjs.org/@esbuild/darwin-x64/-/darwin-x64-0.18.10.tgz",
      "integrity": "sha512-tnz/mdZk1L1Z3WpGjin/L2bKTe8/AKZpI8fcCLtH+gq8WXWsCNJSxlesAObV4qbtTl6pG5vmqFXfWUQ5hV8PAQ==",
      "cpu": [
        "x64"
      ],
      "optional": true,
      "os": [
        "darwin"
      ],
      "engines": {
        "node": ">=12"
      }
    },
    "node_modules/@esbuild/freebsd-arm64": {
      "version": "0.18.10",
      "resolved": "https://registry.npmjs.org/@esbuild/freebsd-arm64/-/freebsd-arm64-0.18.10.tgz",
      "integrity": "sha512-QJluV0LwBrbHnYYwSKC+K8RGz0g/EyhpQH1IxdoFT0nM7PfgjE+aS8wxq/KFEsU0JkL7U/EEKd3O8xVBxXb2aA==",
      "cpu": [
        "arm64"
      ],
      "optional": true,
      "os": [
        "freebsd"
      ],
      "engines": {
        "node": ">=12"
      }
    },
    "node_modules/@esbuild/freebsd-x64": {
      "version": "0.18.10",
      "resolved": "https://registry.npmjs.org/@esbuild/freebsd-x64/-/freebsd-x64-0.18.10.tgz",
      "integrity": "sha512-Hi/ycUkS6KTw+U9G5PK5NoK7CZboicaKUSVs0FSiPNtuCTzK6HNM4DIgniH7hFaeuszDS9T4dhAHWiLSt/Y5Ng==",
      "cpu": [
        "x64"
      ],
      "optional": true,
      "os": [
        "freebsd"
      ],
      "engines": {
        "node": ">=12"
      }
    },
    "node_modules/@esbuild/linux-arm": {
      "version": "0.18.10",
      "resolved": "https://registry.npmjs.org/@esbuild/linux-arm/-/linux-arm-0.18.10.tgz",
      "integrity": "sha512-HfFoxY172tVHPIvJy+FHxzB4l8xU7e5cxmNS11cQ2jt4JWAukn/7LXaPdZid41UyTweqa4P/1zs201gRGCTwHw==",
      "cpu": [
        "arm"
      ],
      "optional": true,
      "os": [
        "linux"
      ],
      "engines": {
        "node": ">=12"
      }
    },
    "node_modules/@esbuild/linux-arm64": {
      "version": "0.18.10",
      "resolved": "https://registry.npmjs.org/@esbuild/linux-arm64/-/linux-arm64-0.18.10.tgz",
      "integrity": "sha512-Nz6XcfRBOO7jSrVpKAyEyFOPGhySPNlgumSDhWAspdQQ11ub/7/NZDMhWDFReE9QH/SsCOCLQbdj0atAk/HMOQ==",
      "cpu": [
        "arm64"
      ],
      "optional": true,
      "os": [
        "linux"
      ],
      "engines": {
        "node": ">=12"
      }
    },
    "node_modules/@esbuild/linux-ia32": {
      "version": "0.18.10",
      "resolved": "https://registry.npmjs.org/@esbuild/linux-ia32/-/linux-ia32-0.18.10.tgz",
      "integrity": "sha512-otMdmSmkMe+pmiP/bZBjfphyAsTsngyT9RCYwoFzqrveAbux9nYitDTpdgToG0Z0U55+PnH654gCH2GQ1aB6Yw==",
      "cpu": [
        "ia32"
      ],
      "optional": true,
      "os": [
        "linux"
      ],
      "engines": {
        "node": ">=12"
      }
    },
    "node_modules/@esbuild/linux-loong64": {
      "version": "0.18.10",
      "resolved": "https://registry.npmjs.org/@esbuild/linux-loong64/-/linux-loong64-0.18.10.tgz",
      "integrity": "sha512-t8tjFuON1koxskzQ4VFoh0T5UDUMiLYjwf9Wktd0tx8AoK6xgU+5ubKOpWpcnhEQ2tESS5u0v6QuN8PX/ftwcQ==",
      "cpu": [
        "loong64"
      ],
      "optional": true,
      "os": [
        "linux"
      ],
      "engines": {
        "node": ">=12"
      }
    },
    "node_modules/@esbuild/linux-mips64el": {
      "version": "0.18.10",
      "resolved": "https://registry.npmjs.org/@esbuild/linux-mips64el/-/linux-mips64el-0.18.10.tgz",
      "integrity": "sha512-+dUkcVzcfEJHz3HEnVpIJu8z8Wdn2n/nWMWdl6FVPFGJAVySO4g3+XPzNKFytVFwf8hPVDwYXzVcu8GMFqsqZw==",
      "cpu": [
        "mips64el"
      ],
      "optional": true,
      "os": [
        "linux"
      ],
      "engines": {
        "node": ">=12"
      }
    },
    "node_modules/@esbuild/linux-ppc64": {
      "version": "0.18.10",
      "resolved": "https://registry.npmjs.org/@esbuild/linux-ppc64/-/linux-ppc64-0.18.10.tgz",
      "integrity": "sha512-sO3PjjxEGy+PY2qkGe2gwJbXdZN9wAYpVBZWFD0AwAoKuXRkWK0/zaMQ5ekUFJDRDCRm8x5U0Axaub7ynH/wVg==",
      "cpu": [
        "ppc64"
      ],
      "optional": true,
      "os": [
        "linux"
      ],
      "engines": {
        "node": ">=12"
      }
    },
    "node_modules/@esbuild/linux-riscv64": {
      "version": "0.18.10",
      "resolved": "https://registry.npmjs.org/@esbuild/linux-riscv64/-/linux-riscv64-0.18.10.tgz",
      "integrity": "sha512-JDtdbJg3yjDeXLv4lZYE1kiTnxv73/8cbPHY9T/dUKi8rYOM/k5b3W4UJLMUksuQ6nTm5c89W1nADsql6FW75A==",
      "cpu": [
        "riscv64"
      ],
      "optional": true,
      "os": [
        "linux"
      ],
      "engines": {
        "node": ">=12"
      }
    },
    "node_modules/@esbuild/linux-s390x": {
      "version": "0.18.10",
      "resolved": "https://registry.npmjs.org/@esbuild/linux-s390x/-/linux-s390x-0.18.10.tgz",
      "integrity": "sha512-NLuSKcp8WckjD2a7z5kzLiCywFwBTMlIxDNuud1AUGVuwBBJSkuubp6cNjJ0p5c6CZaA3QqUGwjHJBiG1SoOFw==",
      "cpu": [
        "s390x"
      ],
      "optional": true,
      "os": [
        "linux"
      ],
      "engines": {
        "node": ">=12"
      }
    },
    "node_modules/@esbuild/linux-x64": {
      "version": "0.18.10",
      "resolved": "https://registry.npmjs.org/@esbuild/linux-x64/-/linux-x64-0.18.10.tgz",
      "integrity": "sha512-wj2KRsCsFusli+6yFgNO/zmmLslislAWryJnodteRmGej7ZzinIbMdsyp13rVGde88zxJd5vercNYK9kuvlZaQ==",
      "cpu": [
        "x64"
      ],
      "optional": true,
      "os": [
        "linux"
      ],
      "engines": {
        "node": ">=12"
      }
    },
    "node_modules/@esbuild/netbsd-x64": {
      "version": "0.18.10",
      "resolved": "https://registry.npmjs.org/@esbuild/netbsd-x64/-/netbsd-x64-0.18.10.tgz",
      "integrity": "sha512-pQ9QqxEPI3cVRZyUtCoZxhZK3If+7RzR8L2yz2+TDzdygofIPOJFaAPkEJ5rYIbUO101RaiYxfdOBahYexLk5A==",
      "cpu": [
        "x64"
      ],
      "optional": true,
      "os": [
        "netbsd"
      ],
      "engines": {
        "node": ">=12"
      }
    },
    "node_modules/@esbuild/openbsd-x64": {
      "version": "0.18.10",
      "resolved": "https://registry.npmjs.org/@esbuild/openbsd-x64/-/openbsd-x64-0.18.10.tgz",
      "integrity": "sha512-k8GTIIW9I8pEEfoOUm32TpPMgSg06JhL5DO+ql66aLTkOQUs0TxCA67Wi7pv6z8iF8STCGcNbm3UWFHLuci+ag==",
      "cpu": [
        "x64"
      ],
      "optional": true,
      "os": [
        "openbsd"
      ],
      "engines": {
        "node": ">=12"
      }
    },
    "node_modules/@esbuild/sunos-x64": {
      "version": "0.18.10",
      "resolved": "https://registry.npmjs.org/@esbuild/sunos-x64/-/sunos-x64-0.18.10.tgz",
      "integrity": "sha512-vIGYJIdEI6d4JBucAx8py792G8J0GP40qSH+EvSt80A4zvGd6jph+5t1g+eEXcS2aRpgZw6CrssNCFZxTdEsxw==",
      "cpu": [
        "x64"
      ],
      "optional": true,
      "os": [
        "sunos"
      ],
      "engines": {
        "node": ">=12"
      }
    },
    "node_modules/@esbuild/win32-arm64": {
      "version": "0.18.10",
      "resolved": "https://registry.npmjs.org/@esbuild/win32-arm64/-/win32-arm64-0.18.10.tgz",
      "integrity": "sha512-kRhNcMZFGMW+ZHCarAM1ypr8OZs0k688ViUCetVCef9p3enFxzWeBg9h/575Y0nsFu0ZItluCVF5gMR2pwOEpA==",
      "cpu": [
        "arm64"
      ],
      "optional": true,
      "os": [
        "win32"
      ],
      "engines": {
        "node": ">=12"
      }
    },
    "node_modules/@esbuild/win32-ia32": {
      "version": "0.18.10",
      "resolved": "https://registry.npmjs.org/@esbuild/win32-ia32/-/win32-ia32-0.18.10.tgz",
      "integrity": "sha512-AR9PX1whYaYh9p0EOaKna0h48F/A101Mt/ag72+kMkkBZXPQ7cjbz2syXI/HI3OlBdUytSdHneljfjvUoqwqiQ==",
      "cpu": [
        "ia32"
      ],
      "optional": true,
      "os": [
        "win32"
      ],
      "engines": {
        "node": ">=12"
      }
    },
    "node_modules/@esbuild/win32-x64": {
      "version": "0.18.10",
      "resolved": "https://registry.npmjs.org/@esbuild/win32-x64/-/win32-x64-0.18.10.tgz",
      "integrity": "sha512-5sTkYhAGHNRr6bVf4RM0PsscqVr6/DBYdrlMh168oph3usid3lKHcHEEHmr34iZ9GHeeg2juFOxtpl6XyC3tpw==",
      "cpu": [
        "x64"
      ],
      "optional": true,
      "os": [
        "win32"
      ],
      "engines": {
        "node": ">=12"
      }
    },
    "node_modules/ansi-styles": {
      "version": "4.3.0",
      "resolved": "https://registry.npmjs.org/ansi-styles/-/ansi-styles-4.3.0.tgz",
      "integrity": "sha512-zbB9rCJAT1rbjiVDb2hqKFHNYLxgtk8NURxZ3IZwD3F6NtxbXZQCnnSi1Lkx+IDohdPlFp222wVALIheZJQSEg==",
      "dev": true,
      "dependencies": {
        "color-convert": "^2.0.1"
      },
      "engines": {
        "node": ">=8"
      },
      "funding": {
        "url": "https://github.com/chalk/ansi-styles?sponsor=1"
      }
    },
    "node_modules/anymatch": {
      "version": "3.1.3",
      "resolved": "https://registry.npmjs.org/anymatch/-/anymatch-3.1.3.tgz",
      "integrity": "sha512-KMReFUr0B4t+D+OBkjR3KYqvocp2XaSzO55UcB6mgQMd3KbcE+mWTyvVV7D/zsdEbNnV6acZUutkiHQXvTr1Rw==",
      "dependencies": {
        "normalize-path": "^3.0.0",
        "picomatch": "^2.0.4"
      },
      "engines": {
        "node": ">= 8"
      }
    },
    "node_modules/binary-extensions": {
      "version": "2.2.0",
      "resolved": "https://registry.npmjs.org/binary-extensions/-/binary-extensions-2.2.0.tgz",
      "integrity": "sha512-jDctJ/IVQbZoJykoeHbhXpOlNBqGNcwXJKJog42E5HDPUwQTSdjCHdihjj0DlnheQ7blbT6dHOafNAiS8ooQKA==",
      "engines": {
        "node": ">=8"
      }
    },
    "node_modules/braces": {
      "version": "3.0.2",
      "resolved": "https://registry.npmjs.org/braces/-/braces-3.0.2.tgz",
      "integrity": "sha512-b8um+L1RzM3WDSzvhm6gIz1yfTbBt6YTlcEKAvsmqCZZFw46z626lVj9j1yEPW33H5H+lBQpZMP1k8l+78Ha0A==",
      "dependencies": {
        "fill-range": "^7.0.1"
      },
      "engines": {
        "node": ">=8"
      }
    },
    "node_modules/chalk": {
      "version": "4.1.2",
      "resolved": "https://registry.npmjs.org/chalk/-/chalk-4.1.2.tgz",
      "integrity": "sha512-oKnbhFyRIXpUuez8iBMmyEa4nbj4IOQyuhc/wy9kY7/WVPcwIO9VA668Pu8RkO7+0G76SLROeyw9CpQ061i4mA==",
      "dev": true,
      "dependencies": {
        "ansi-styles": "^4.1.0",
        "supports-color": "^7.1.0"
      },
      "engines": {
        "node": ">=10"
      },
      "funding": {
        "url": "https://github.com/chalk/chalk?sponsor=1"
      }
    },
    "node_modules/chokidar": {
      "version": "3.5.3",
      "resolved": "https://registry.npmjs.org/chokidar/-/chokidar-3.5.3.tgz",
      "integrity": "sha512-Dr3sfKRP6oTcjf2JmUmFJfeVMvXBdegxB0iVQ5eb2V10uFJUCAS8OByZdVAyVb8xXNz3GjjTgj9kLWsZTqE6kw==",
      "funding": [
        {
          "type": "individual",
          "url": "https://paulmillr.com/funding/"
        }
      ],
      "dependencies": {
        "anymatch": "~3.1.2",
        "braces": "~3.0.2",
        "glob-parent": "~5.1.2",
        "is-binary-path": "~2.1.0",
        "is-glob": "~4.0.1",
        "normalize-path": "~3.0.0",
        "readdirp": "~3.6.0"
      },
      "engines": {
        "node": ">= 8.10.0"
      },
      "optionalDependencies": {
        "fsevents": "~2.3.2"
      }
    },
    "node_modules/color-convert": {
      "version": "2.0.1",
      "resolved": "https://registry.npmjs.org/color-convert/-/color-convert-2.0.1.tgz",
      "integrity": "sha512-RRECPsj7iu/xb5oKYcsFHSppFNnsj/52OVTRKb4zP5onXwVF3zVmmToNcOfGC+CRDpfK/U584fMg38ZHCaElKQ==",
      "dev": true,
      "dependencies": {
        "color-name": "~1.1.4"
      },
      "engines": {
        "node": ">=7.0.0"
      }
    },
    "node_modules/color-name": {
      "version": "1.1.4",
      "resolved": "https://registry.npmjs.org/color-name/-/color-name-1.1.4.tgz",
      "integrity": "sha512-dOy+3AuW3a2wNbZHIuMZpTcgjGuLU/uBL/ubcZF9OXbDo8ff4O8yVp5Bf0efS8uEoYo5q4Fx7dY9OgQGXgAsQA==",
      "dev": true
    },
    "node_modules/esbuild": {
      "version": "0.18.10",
      "resolved": "https://registry.npmjs.org/esbuild/-/esbuild-0.18.10.tgz",
      "integrity": "sha512-33WKo67auOXzZHBY/9DTJRo7kIvfU12S+D4sp2wIz39N88MDIaCGyCwbW01RR70pK6Iya0I74lHEpyLfFqOHPA==",
      "hasInstallScript": true,
      "bin": {
        "esbuild": "bin/esbuild"
      },
      "engines": {
        "node": ">=12"
      },
      "optionalDependencies": {
        "@esbuild/android-arm": "0.18.10",
        "@esbuild/android-arm64": "0.18.10",
        "@esbuild/android-x64": "0.18.10",
        "@esbuild/darwin-arm64": "0.18.10",
        "@esbuild/darwin-x64": "0.18.10",
        "@esbuild/freebsd-arm64": "0.18.10",
        "@esbuild/freebsd-x64": "0.18.10",
        "@esbuild/linux-arm": "0.18.10",
        "@esbuild/linux-arm64": "0.18.10",
        "@esbuild/linux-ia32": "0.18.10",
        "@esbuild/linux-loong64": "0.18.10",
        "@esbuild/linux-mips64el": "0.18.10",
        "@esbuild/linux-ppc64": "0.18.10",
        "@esbuild/linux-riscv64": "0.18.10",
        "@esbuild/linux-s390x": "0.18.10",
        "@esbuild/linux-x64": "0.18.10",
        "@esbuild/netbsd-x64": "0.18.10",
        "@esbuild/openbsd-x64": "0.18.10",
        "@esbuild/sunos-x64": "0.18.10",
        "@esbuild/win32-arm64": "0.18.10",
        "@esbuild/win32-ia32": "0.18.10",
        "@esbuild/win32-x64": "0.18.10"
      }
    },
    "node_modules/esbuild-inline-sass": {
      "version": "0.4.1",
      "resolved": "https://registry.npmjs.org/esbuild-inline-sass/-/esbuild-inline-sass-0.4.1.tgz",
      "integrity": "sha512-97l3uf0XHD4HKhuZ8rXHDGf7+LSr/bVQds8my8KACFMkecZs212qvrdbQsWpMNpBIvscekMaQYm2+Qd8MOBN4w==",
      "dependencies": {
        "esbuild-sass-plugin": "^2.9.0"
      },
      "peerDependencies": {
        "esbuild": "*"
      },
      "peerDependenciesMeta": {
        "esbuild": {
          "optional": true
        }
      }
    },
    "node_modules/esbuild-sass-plugin": {
      "version": "2.10.0",
      "resolved": "https://registry.npmjs.org/esbuild-sass-plugin/-/esbuild-sass-plugin-2.10.0.tgz",
      "integrity": "sha512-STv849QGT8g77RRFmroSt4VBVKjv+dypKcO4aWz8IP4G5JbRH0KC0+B8ODuzlUNu9R5MbkGcev/62RDP/JcZ2Q==",
      "dependencies": {
        "resolve": "^1.22.2",
        "sass": "^1.63.0"
      },
      "peerDependencies": {
        "esbuild": "^0.18.0"
      }
    },
    "node_modules/fill-range": {
      "version": "7.0.1",
      "resolved": "https://registry.npmjs.org/fill-range/-/fill-range-7.0.1.tgz",
      "integrity": "sha512-qOo9F+dMUmC2Lcb4BbVvnKJxTPjCm+RRpe4gDuGrzkL7mEVl/djYSu2OdQ2Pa302N4oqkSg9ir6jaLWJ2USVpQ==",
      "dependencies": {
        "to-regex-range": "^5.0.1"
      },
      "engines": {
        "node": ">=8"
      }
    },
    "node_modules/fsevents": {
      "version": "2.3.2",
      "resolved": "https://registry.npmjs.org/fsevents/-/fsevents-2.3.2.tgz",
      "integrity": "sha512-xiqMQR4xAeHTuB9uWm+fFRcIOgKBMiOBP+eXiyT7jsgVCq1bkVygt00oASowB7EdtpOHaaPgKt812P9ab+DDKA==",
      "hasInstallScript": true,
      "optional": true,
      "os": [
        "darwin"
      ],
      "engines": {
        "node": "^8.16.0 || ^10.6.0 || >=11.0.0"
      }
    },
    "node_modules/function-bind": {
      "version": "1.1.1",
      "resolved": "https://registry.npmjs.org/function-bind/-/function-bind-1.1.1.tgz",
      "integrity": "sha512-yIovAzMX49sF8Yl58fSCWJ5svSLuaibPxXQJFLmBObTuCr0Mf1KiPopGM9NiFjiYBCbfaa2Fh6breQ6ANVTI0A=="
    },
    "node_modules/glob-parent": {
      "version": "5.1.2",
      "resolved": "https://registry.npmjs.org/glob-parent/-/glob-parent-5.1.2.tgz",
      "integrity": "sha512-AOIgSQCepiJYwP3ARnGx+5VnTu2HBYdzbGP45eLw1vr3zB3vZLeyed1sC9hnbcOc9/SrMyM5RPQrkGz4aS9Zow==",
      "dependencies": {
        "is-glob": "^4.0.1"
      },
      "engines": {
        "node": ">= 6"
      }
    },
    "node_modules/has": {
      "version": "1.0.3",
      "resolved": "https://registry.npmjs.org/has/-/has-1.0.3.tgz",
      "integrity": "sha512-f2dvO0VU6Oej7RkWJGrehjbzMAjFp5/VKPp5tTpWIV4JHHZK1/BxbFRtf/siA2SWTe09caDmVtYYzWEIbBS4zw==",
      "dependencies": {
        "function-bind": "^1.1.1"
      },
      "engines": {
        "node": ">= 0.4.0"
      }
    },
    "node_modules/has-flag": {
      "version": "4.0.0",
      "resolved": "https://registry.npmjs.org/has-flag/-/has-flag-4.0.0.tgz",
      "integrity": "sha512-EykJT/Q1KjTWctppgIAgfSO0tKVuZUjhgMr17kqTumMl6Afv3EISleU7qZUzoXDFTAHTDC4NOoG/ZxU3EvlMPQ==",
      "dev": true,
      "engines": {
        "node": ">=8"
      }
    },
    "node_modules/immutable": {
      "version": "4.3.0",
      "resolved": "https://registry.npmjs.org/immutable/-/immutable-4.3.0.tgz",
      "integrity": "sha512-0AOCmOip+xgJwEVTQj1EfiDDOkPmuyllDuTuEX+DDXUgapLAsBIfkg3sxCYyCEA8mQqZrrxPUGjcOQ2JS3WLkg=="
    },
    "node_modules/is-binary-path": {
      "version": "2.1.0",
      "resolved": "https://registry.npmjs.org/is-binary-path/-/is-binary-path-2.1.0.tgz",
      "integrity": "sha512-ZMERYes6pDydyuGidse7OsHxtbI7WVeUEozgR/g7rd0xUimYNlvZRE/K2MgZTjWy725IfelLeVcEM97mmtRGXw==",
      "dependencies": {
        "binary-extensions": "^2.0.0"
      },
      "engines": {
        "node": ">=8"
      }
    },
    "node_modules/is-core-module": {
      "version": "2.12.1",
      "resolved": "https://registry.npmjs.org/is-core-module/-/is-core-module-2.12.1.tgz",
      "integrity": "sha512-Q4ZuBAe2FUsKtyQJoQHlvP8OvBERxO3jEmy1I7hcRXcJBGGHFh/aJBswbXuS9sgrDH2QUO8ilkwNPHvHMd8clg==",
      "dependencies": {
        "has": "^1.0.3"
      },
      "funding": {
        "url": "https://github.com/sponsors/ljharb"
      }
    },
    "node_modules/is-extglob": {
      "version": "2.1.1",
      "resolved": "https://registry.npmjs.org/is-extglob/-/is-extglob-2.1.1.tgz",
      "integrity": "sha512-SbKbANkN603Vi4jEZv49LeVJMn4yGwsbzZworEoyEiutsN3nJYdbO36zfhGJ6QEDpOZIFkDtnq5JRxmvl3jsoQ==",
      "engines": {
        "node": ">=0.10.0"
      }
    },
    "node_modules/is-glob": {
      "version": "4.0.3",
      "resolved": "https://registry.npmjs.org/is-glob/-/is-glob-4.0.3.tgz",
      "integrity": "sha512-xelSayHH36ZgE7ZWhli7pW34hNbNl8Ojv5KVmkJD4hBdD3th8Tfk9vYasLM+mXWOZhFkgZfxhLSnrwRr4elSSg==",
      "dependencies": {
        "is-extglob": "^2.1.1"
      },
      "engines": {
        "node": ">=0.10.0"
      }
    },
    "node_modules/is-number": {
      "version": "7.0.0",
      "resolved": "https://registry.npmjs.org/is-number/-/is-number-7.0.0.tgz",
      "integrity": "sha512-41Cifkg6e8TylSpdtTpeLVMqvSBEVzTttHvERD741+pnZ8ANv0004MRL43QKPDlK9cGvNp6NZWZUBlbGXYxxng==",
      "engines": {
        "node": ">=0.12.0"
      }
    },
    "node_modules/normalize-path": {
      "version": "3.0.0",
      "resolved": "https://registry.npmjs.org/normalize-path/-/normalize-path-3.0.0.tgz",
      "integrity": "sha512-6eZs5Ls3WtCisHWp9S2GUy8dqkpGi4BVSz3GaqiE6ezub0512ESztXUwUB6C6IKbQkY2Pnb/mD4WYojCRwcwLA==",
      "engines": {
        "node": ">=0.10.0"
      }
    },
    "node_modules/path-parse": {
      "version": "1.0.7",
      "resolved": "https://registry.npmjs.org/path-parse/-/path-parse-1.0.7.tgz",
      "integrity": "sha512-LDJzPVEEEPR+y48z93A0Ed0yXb8pAByGWo/k5YYdYgpY2/2EsOsksJrq7lOHxryrVOn1ejG6oAp8ahvOIQD8sw=="
    },
    "node_modules/picomatch": {
      "version": "2.3.1",
      "resolved": "https://registry.npmjs.org/picomatch/-/picomatch-2.3.1.tgz",
      "integrity": "sha512-JU3teHTNjmE2VCGFzuY8EXzCDVwEqB2a8fsIvwaStHhAWJEeVd1o1QD80CU6+ZdEXXSLbSsuLwJjkCBWqRQUVA==",
      "engines": {
        "node": ">=8.6"
      },
      "funding": {
        "url": "https://github.com/sponsors/jonschlinkert"
      }
    },
    "node_modules/readdirp": {
      "version": "3.6.0",
      "resolved": "https://registry.npmjs.org/readdirp/-/readdirp-3.6.0.tgz",
      "integrity": "sha512-hOS089on8RduqdbhvQ5Z37A0ESjsqz6qnRcffsMU3495FuTdqSm+7bhJ29JvIOsBDEEnan5DPu9t3To9VRlMzA==",
      "dependencies": {
        "picomatch": "^2.2.1"
      },
      "engines": {
        "node": ">=8.10.0"
      }
    },
    "node_modules/resolve": {
      "version": "1.22.2",
      "resolved": "https://registry.npmjs.org/resolve/-/resolve-1.22.2.tgz",
      "integrity": "sha512-Sb+mjNHOULsBv818T40qSPeRiuWLyaGMa5ewydRLFimneixmVy2zdivRl+AF6jaYPC8ERxGDmFSiqui6SfPd+g==",
      "dependencies": {
        "is-core-module": "^2.11.0",
        "path-parse": "^1.0.7",
        "supports-preserve-symlinks-flag": "^1.0.0"
      },
      "bin": {
        "resolve": "bin/resolve"
      },
      "funding": {
        "url": "https://github.com/sponsors/ljharb"
      }
    },
    "node_modules/sass": {
      "version": "1.63.6",
      "resolved": "https://registry.npmjs.org/sass/-/sass-1.63.6.tgz",
      "integrity": "sha512-MJuxGMHzaOW7ipp+1KdELtqKbfAWbH7OLIdoSMnVe3EXPMTmxTmlaZDCTsgIpPCs3w99lLo9/zDKkOrJuT5byw==",
      "dependencies": {
        "chokidar": ">=3.0.0 <4.0.0",
        "immutable": "^4.0.0",
        "source-map-js": ">=0.6.2 <2.0.0"
      },
      "bin": {
        "sass": "sass.js"
      },
      "engines": {
        "node": ">=14.0.0"
      }
    },
    "node_modules/source-map-js": {
      "version": "1.0.2",
      "resolved": "https://registry.npmjs.org/source-map-js/-/source-map-js-1.0.2.tgz",
      "integrity": "sha512-R0XvVJ9WusLiqTCEiGCmICCMplcCkIwwR11mOSD9CR5u+IXYdiseeEuXCVAjS54zqwkLcPNnmU4OeJ6tUrWhDw==",
      "engines": {
        "node": ">=0.10.0"
      }
    },
    "node_modules/supports-color": {
      "version": "7.2.0",
      "resolved": "https://registry.npmjs.org/supports-color/-/supports-color-7.2.0.tgz",
      "integrity": "sha512-qpCAvRl9stuOHveKsn7HncJRvv501qIacKzQlO/+Lwxc9+0q2wLyv4Dfvt80/DPn2pqOBsJdDiogXGR9+OvwRw==",
      "dev": true,
      "dependencies": {
        "has-flag": "^4.0.0"
      },
      "engines": {
        "node": ">=8"
      }
    },
    "node_modules/supports-preserve-symlinks-flag": {
      "version": "1.0.0",
      "resolved": "https://registry.npmjs.org/supports-preserve-symlinks-flag/-/supports-preserve-symlinks-flag-1.0.0.tgz",
      "integrity": "sha512-ot0WnXS9fgdkgIcePe6RHNk1WA8+muPa6cSjeR3V8K27q9BB1rTE3R1p7Hv0z1ZyAc8s6Vvv8DIyWf681MAt0w==",
      "engines": {
        "node": ">= 0.4"
      },
      "funding": {
        "url": "https://github.com/sponsors/ljharb"
      }
    },
    "node_modules/to-regex-range": {
      "version": "5.0.1",
      "resolved": "https://registry.npmjs.org/to-regex-range/-/to-regex-range-5.0.1.tgz",
      "integrity": "sha512-65P7iz6X5yEr1cwcgvQxbbIw7Uk3gOy5dIdtZ4rDveLqhrdJP+Li/Hx6tyK0NEb+2GCyneCMJiGqrADCSNk8sQ==",
      "dependencies": {
        "is-number": "^7.0.0"
      },
      "engines": {
        "node": ">=8.0"
      }
    }
  },
  "dependencies": {
    "@es-exec/esbuild-plugin-start": {
      "version": "0.0.5",
      "resolved": "https://registry.npmjs.org/@es-exec/esbuild-plugin-start/-/esbuild-plugin-start-0.0.5.tgz",
      "integrity": "sha512-x7o0RNRqqET9xGezuhs8eUnDmm3LiAiwYY4qBtGGQ9+bn7711ce/ZGpseh/OjSFIgXxnyLLcTyOQQie02qP0qg==",
      "dev": true,
      "requires": {
        "@es-exec/plugins-shared": "0.0.5",
        "@es-exec/utils": "0.0.5"
      }
    },
    "@es-exec/plugins-shared": {
      "version": "0.0.5",
      "resolved": "https://registry.npmjs.org/@es-exec/plugins-shared/-/plugins-shared-0.0.5.tgz",
      "integrity": "sha512-ikrYz1dOmtLbK4lCCEWpAACXxVmsaq1qCtAClAej1RgConcwk2s4fSlin0u50RD43gyL7iE0a0hqDnnR+Q460A==",
      "dev": true,
      "requires": {
        "@es-exec/utils": "0.0.5"
      }
    },
    "@es-exec/utils": {
      "version": "0.0.5",
      "resolved": "https://registry.npmjs.org/@es-exec/utils/-/utils-0.0.5.tgz",
      "integrity": "sha512-1hr7c/wgiFaBxsuaDBmZ1gef3he5UTU3uywsby3RtuwMvye1010KYm0Frb50iiS80Lq5wslqe/N7IUjcPoBU0g==",
      "dev": true,
      "requires": {
        "chalk": "4.1.2"
      }
    },
    "@esbuild/android-arm": {
      "version": "0.18.10",
      "resolved": "https://registry.npmjs.org/@esbuild/android-arm/-/android-arm-0.18.10.tgz",
      "integrity": "sha512-3KClmVNd+Fku82uZJz5C4Rx8m1PPmWUFz5Zkw8jkpZPOmsq+EG1TTOtw1OXkHuX3WczOFQigrtf60B1ijKwNsg==",
      "optional": true
    },
    "@esbuild/android-arm64": {
      "version": "0.18.10",
      "resolved": "https://registry.npmjs.org/@esbuild/android-arm64/-/android-arm64-0.18.10.tgz",
      "integrity": "sha512-ynm4naLbNbK0ajf9LUWtQB+6Vfg1Z/AplArqr4tGebC00Z6m9Y91OVIcjDa461wGcZwcaHYaZAab4yJxfhisTQ==",
      "optional": true
    },
    "@esbuild/android-x64": {
      "version": "0.18.10",
      "resolved": "https://registry.npmjs.org/@esbuild/android-x64/-/android-x64-0.18.10.tgz",
      "integrity": "sha512-vFfXj8P9Yfjh54yqUDEHKzqzYuEfPyAOl3z7R9hjkwt+NCvbn9VMxX+IILnAfdImRBfYVItgSUsqGKhJFnBwZw==",
      "optional": true
    },
    "@esbuild/darwin-arm64": {
      "version": "0.18.10",
      "resolved": "https://registry.npmjs.org/@esbuild/darwin-arm64/-/darwin-arm64-0.18.10.tgz",
      "integrity": "sha512-k2OJQ7ZxE6sVc91+MQeZH9gFeDAH2uIYALPAwTjTCvcPy9Dzrf7V7gFUQPYkn09zloWhQ+nvxWHia2x2ZLR0sQ==",
      "optional": true
    },
    "@esbuild/darwin-x64": {
      "version": "0.18.10",
      "resolved": "https://registry.npmjs.org/@esbuild/darwin-x64/-/darwin-x64-0.18.10.tgz",
      "integrity": "sha512-tnz/mdZk1L1Z3WpGjin/L2bKTe8/AKZpI8fcCLtH+gq8WXWsCNJSxlesAObV4qbtTl6pG5vmqFXfWUQ5hV8PAQ==",
      "optional": true
    },
    "@esbuild/freebsd-arm64": {
      "version": "0.18.10",
      "resolved": "https://registry.npmjs.org/@esbuild/freebsd-arm64/-/freebsd-arm64-0.18.10.tgz",
      "integrity": "sha512-QJluV0LwBrbHnYYwSKC+K8RGz0g/EyhpQH1IxdoFT0nM7PfgjE+aS8wxq/KFEsU0JkL7U/EEKd3O8xVBxXb2aA==",
      "optional": true
    },
    "@esbuild/freebsd-x64": {
      "version": "0.18.10",
      "resolved": "https://registry.npmjs.org/@esbuild/freebsd-x64/-/freebsd-x64-0.18.10.tgz",
      "integrity": "sha512-Hi/ycUkS6KTw+U9G5PK5NoK7CZboicaKUSVs0FSiPNtuCTzK6HNM4DIgniH7hFaeuszDS9T4dhAHWiLSt/Y5Ng==",
      "optional": true
    },
    "@esbuild/linux-arm": {
      "version": "0.18.10",
      "resolved": "https://registry.npmjs.org/@esbuild/linux-arm/-/linux-arm-0.18.10.tgz",
      "integrity": "sha512-HfFoxY172tVHPIvJy+FHxzB4l8xU7e5cxmNS11cQ2jt4JWAukn/7LXaPdZid41UyTweqa4P/1zs201gRGCTwHw==",
      "optional": true
    },
    "@esbuild/linux-arm64": {
      "version": "0.18.10",
      "resolved": "https://registry.npmjs.org/@esbuild/linux-arm64/-/linux-arm64-0.18.10.tgz",
      "integrity": "sha512-Nz6XcfRBOO7jSrVpKAyEyFOPGhySPNlgumSDhWAspdQQ11ub/7/NZDMhWDFReE9QH/SsCOCLQbdj0atAk/HMOQ==",
      "optional": true
    },
    "@esbuild/linux-ia32": {
      "version": "0.18.10",
      "resolved": "https://registry.npmjs.org/@esbuild/linux-ia32/-/linux-ia32-0.18.10.tgz",
      "integrity": "sha512-otMdmSmkMe+pmiP/bZBjfphyAsTsngyT9RCYwoFzqrveAbux9nYitDTpdgToG0Z0U55+PnH654gCH2GQ1aB6Yw==",
      "optional": true
    },
    "@esbuild/linux-loong64": {
      "version": "0.18.10",
      "resolved": "https://registry.npmjs.org/@esbuild/linux-loong64/-/linux-loong64-0.18.10.tgz",
      "integrity": "sha512-t8tjFuON1koxskzQ4VFoh0T5UDUMiLYjwf9Wktd0tx8AoK6xgU+5ubKOpWpcnhEQ2tESS5u0v6QuN8PX/ftwcQ==",
      "optional": true
    },
    "@esbuild/linux-mips64el": {
      "version": "0.18.10",
      "resolved": "https://registry.npmjs.org/@esbuild/linux-mips64el/-/linux-mips64el-0.18.10.tgz",
      "integrity": "sha512-+dUkcVzcfEJHz3HEnVpIJu8z8Wdn2n/nWMWdl6FVPFGJAVySO4g3+XPzNKFytVFwf8hPVDwYXzVcu8GMFqsqZw==",
      "optional": true
    },
    "@esbuild/linux-ppc64": {
      "version": "0.18.10",
      "resolved": "https://registry.npmjs.org/@esbuild/linux-ppc64/-/linux-ppc64-0.18.10.tgz",
      "integrity": "sha512-sO3PjjxEGy+PY2qkGe2gwJbXdZN9wAYpVBZWFD0AwAoKuXRkWK0/zaMQ5ekUFJDRDCRm8x5U0Axaub7ynH/wVg==",
      "optional": true
    },
    "@esbuild/linux-riscv64": {
      "version": "0.18.10",
      "resolved": "https://registry.npmjs.org/@esbuild/linux-riscv64/-/linux-riscv64-0.18.10.tgz",
      "integrity": "sha512-JDtdbJg3yjDeXLv4lZYE1kiTnxv73/8cbPHY9T/dUKi8rYOM/k5b3W4UJLMUksuQ6nTm5c89W1nADsql6FW75A==",
      "optional": true
    },
    "@esbuild/linux-s390x": {
      "version": "0.18.10",
      "resolved": "https://registry.npmjs.org/@esbuild/linux-s390x/-/linux-s390x-0.18.10.tgz",
      "integrity": "sha512-NLuSKcp8WckjD2a7z5kzLiCywFwBTMlIxDNuud1AUGVuwBBJSkuubp6cNjJ0p5c6CZaA3QqUGwjHJBiG1SoOFw==",
      "optional": true
    },
    "@esbuild/linux-x64": {
      "version": "0.18.10",
      "resolved": "https://registry.npmjs.org/@esbuild/linux-x64/-/linux-x64-0.18.10.tgz",
      "integrity": "sha512-wj2KRsCsFusli+6yFgNO/zmmLslislAWryJnodteRmGej7ZzinIbMdsyp13rVGde88zxJd5vercNYK9kuvlZaQ==",
      "optional": true
    },
    "@esbuild/netbsd-x64": {
      "version": "0.18.10",
      "resolved": "https://registry.npmjs.org/@esbuild/netbsd-x64/-/netbsd-x64-0.18.10.tgz",
      "integrity": "sha512-pQ9QqxEPI3cVRZyUtCoZxhZK3If+7RzR8L2yz2+TDzdygofIPOJFaAPkEJ5rYIbUO101RaiYxfdOBahYexLk5A==",
      "optional": true
    },
    "@esbuild/openbsd-x64": {
      "version": "0.18.10",
      "resolved": "https://registry.npmjs.org/@esbuild/openbsd-x64/-/openbsd-x64-0.18.10.tgz",
      "integrity": "sha512-k8GTIIW9I8pEEfoOUm32TpPMgSg06JhL5DO+ql66aLTkOQUs0TxCA67Wi7pv6z8iF8STCGcNbm3UWFHLuci+ag==",
      "optional": true
    },
    "@esbuild/sunos-x64": {
      "version": "0.18.10",
      "resolved": "https://registry.npmjs.org/@esbuild/sunos-x64/-/sunos-x64-0.18.10.tgz",
      "integrity": "sha512-vIGYJIdEI6d4JBucAx8py792G8J0GP40qSH+EvSt80A4zvGd6jph+5t1g+eEXcS2aRpgZw6CrssNCFZxTdEsxw==",
      "optional": true
    },
    "@esbuild/win32-arm64": {
      "version": "0.18.10",
      "resolved": "https://registry.npmjs.org/@esbuild/win32-arm64/-/win32-arm64-0.18.10.tgz",
      "integrity": "sha512-kRhNcMZFGMW+ZHCarAM1ypr8OZs0k688ViUCetVCef9p3enFxzWeBg9h/575Y0nsFu0ZItluCVF5gMR2pwOEpA==",
      "optional": true
    },
    "@esbuild/win32-ia32": {
      "version": "0.18.10",
      "resolved": "https://registry.npmjs.org/@esbuild/win32-ia32/-/win32-ia32-0.18.10.tgz",
      "integrity": "sha512-AR9PX1whYaYh9p0EOaKna0h48F/A101Mt/ag72+kMkkBZXPQ7cjbz2syXI/HI3OlBdUytSdHneljfjvUoqwqiQ==",
      "optional": true
    },
    "@esbuild/win32-x64": {
      "version": "0.18.10",
      "resolved": "https://registry.npmjs.org/@esbuild/win32-x64/-/win32-x64-0.18.10.tgz",
      "integrity": "sha512-5sTkYhAGHNRr6bVf4RM0PsscqVr6/DBYdrlMh168oph3usid3lKHcHEEHmr34iZ9GHeeg2juFOxtpl6XyC3tpw==",
      "optional": true
    },
    "ansi-styles": {
      "version": "4.3.0",
      "resolved": "https://registry.npmjs.org/ansi-styles/-/ansi-styles-4.3.0.tgz",
      "integrity": "sha512-zbB9rCJAT1rbjiVDb2hqKFHNYLxgtk8NURxZ3IZwD3F6NtxbXZQCnnSi1Lkx+IDohdPlFp222wVALIheZJQSEg==",
      "dev": true,
      "requires": {
        "color-convert": "^2.0.1"
      }
    },
    "anymatch": {
      "version": "3.1.3",
      "resolved": "https://registry.npmjs.org/anymatch/-/anymatch-3.1.3.tgz",
      "integrity": "sha512-KMReFUr0B4t+D+OBkjR3KYqvocp2XaSzO55UcB6mgQMd3KbcE+mWTyvVV7D/zsdEbNnV6acZUutkiHQXvTr1Rw==",
      "requires": {
        "normalize-path": "^3.0.0",
        "picomatch": "^2.0.4"
      }
    },
    "binary-extensions": {
      "version": "2.2.0",
      "resolved": "https://registry.npmjs.org/binary-extensions/-/binary-extensions-2.2.0.tgz",
      "integrity": "sha512-jDctJ/IVQbZoJykoeHbhXpOlNBqGNcwXJKJog42E5HDPUwQTSdjCHdihjj0DlnheQ7blbT6dHOafNAiS8ooQKA=="
    },
    "braces": {
      "version": "3.0.2",
      "resolved": "https://registry.npmjs.org/braces/-/braces-3.0.2.tgz",
      "integrity": "sha512-b8um+L1RzM3WDSzvhm6gIz1yfTbBt6YTlcEKAvsmqCZZFw46z626lVj9j1yEPW33H5H+lBQpZMP1k8l+78Ha0A==",
      "requires": {
        "fill-range": "^7.0.1"
      }
    },
    "chalk": {
      "version": "4.1.2",
      "resolved": "https://registry.npmjs.org/chalk/-/chalk-4.1.2.tgz",
      "integrity": "sha512-oKnbhFyRIXpUuez8iBMmyEa4nbj4IOQyuhc/wy9kY7/WVPcwIO9VA668Pu8RkO7+0G76SLROeyw9CpQ061i4mA==",
      "dev": true,
      "requires": {
        "ansi-styles": "^4.1.0",
        "supports-color": "^7.1.0"
      }
    },
    "chokidar": {
      "version": "3.5.3",
      "resolved": "https://registry.npmjs.org/chokidar/-/chokidar-3.5.3.tgz",
      "integrity": "sha512-Dr3sfKRP6oTcjf2JmUmFJfeVMvXBdegxB0iVQ5eb2V10uFJUCAS8OByZdVAyVb8xXNz3GjjTgj9kLWsZTqE6kw==",
      "requires": {
        "anymatch": "~3.1.2",
        "braces": "~3.0.2",
        "fsevents": "~2.3.2",
        "glob-parent": "~5.1.2",
        "is-binary-path": "~2.1.0",
        "is-glob": "~4.0.1",
        "normalize-path": "~3.0.0",
        "readdirp": "~3.6.0"
      }
    },
    "color-convert": {
      "version": "2.0.1",
      "resolved": "https://registry.npmjs.org/color-convert/-/color-convert-2.0.1.tgz",
      "integrity": "sha512-RRECPsj7iu/xb5oKYcsFHSppFNnsj/52OVTRKb4zP5onXwVF3zVmmToNcOfGC+CRDpfK/U584fMg38ZHCaElKQ==",
      "dev": true,
      "requires": {
        "color-name": "~1.1.4"
      }
    },
    "color-name": {
      "version": "1.1.4",
      "resolved": "https://registry.npmjs.org/color-name/-/color-name-1.1.4.tgz",
      "integrity": "sha512-dOy+3AuW3a2wNbZHIuMZpTcgjGuLU/uBL/ubcZF9OXbDo8ff4O8yVp5Bf0efS8uEoYo5q4Fx7dY9OgQGXgAsQA==",
      "dev": true
    },
    "esbuild": {
      "version": "0.18.10",
      "resolved": "https://registry.npmjs.org/esbuild/-/esbuild-0.18.10.tgz",
      "integrity": "sha512-33WKo67auOXzZHBY/9DTJRo7kIvfU12S+D4sp2wIz39N88MDIaCGyCwbW01RR70pK6Iya0I74lHEpyLfFqOHPA==",
      "requires": {
        "@esbuild/android-arm": "0.18.10",
        "@esbuild/android-arm64": "0.18.10",
        "@esbuild/android-x64": "0.18.10",
        "@esbuild/darwin-arm64": "0.18.10",
        "@esbuild/darwin-x64": "0.18.10",
        "@esbuild/freebsd-arm64": "0.18.10",
        "@esbuild/freebsd-x64": "0.18.10",
        "@esbuild/linux-arm": "0.18.10",
        "@esbuild/linux-arm64": "0.18.10",
        "@esbuild/linux-ia32": "0.18.10",
        "@esbuild/linux-loong64": "0.18.10",
        "@esbuild/linux-mips64el": "0.18.10",
        "@esbuild/linux-ppc64": "0.18.10",
        "@esbuild/linux-riscv64": "0.18.10",
        "@esbuild/linux-s390x": "0.18.10",
        "@esbuild/linux-x64": "0.18.10",
        "@esbuild/netbsd-x64": "0.18.10",
        "@esbuild/openbsd-x64": "0.18.10",
        "@esbuild/sunos-x64": "0.18.10",
        "@esbuild/win32-arm64": "0.18.10",
        "@esbuild/win32-ia32": "0.18.10",
        "@esbuild/win32-x64": "0.18.10"
      }
    },
    "esbuild-inline-sass": {
      "version": "0.4.1",
      "resolved": "https://registry.npmjs.org/esbuild-inline-sass/-/esbuild-inline-sass-0.4.1.tgz",
      "integrity": "sha512-97l3uf0XHD4HKhuZ8rXHDGf7+LSr/bVQds8my8KACFMkecZs212qvrdbQsWpMNpBIvscekMaQYm2+Qd8MOBN4w==",
      "requires": {
        "esbuild-sass-plugin": "^2.9.0"
      }
    },
    "esbuild-sass-plugin": {
      "version": "2.10.0",
      "resolved": "https://registry.npmjs.org/esbuild-sass-plugin/-/esbuild-sass-plugin-2.10.0.tgz",
      "integrity": "sha512-STv849QGT8g77RRFmroSt4VBVKjv+dypKcO4aWz8IP4G5JbRH0KC0+B8ODuzlUNu9R5MbkGcev/62RDP/JcZ2Q==",
      "requires": {
        "resolve": "^1.22.2",
        "sass": "^1.63.0"
      }
    },
    "fill-range": {
      "version": "7.0.1",
      "resolved": "https://registry.npmjs.org/fill-range/-/fill-range-7.0.1.tgz",
      "integrity": "sha512-qOo9F+dMUmC2Lcb4BbVvnKJxTPjCm+RRpe4gDuGrzkL7mEVl/djYSu2OdQ2Pa302N4oqkSg9ir6jaLWJ2USVpQ==",
      "requires": {
        "to-regex-range": "^5.0.1"
      }
    },
    "fsevents": {
      "version": "2.3.2",
      "resolved": "https://registry.npmjs.org/fsevents/-/fsevents-2.3.2.tgz",
      "integrity": "sha512-xiqMQR4xAeHTuB9uWm+fFRcIOgKBMiOBP+eXiyT7jsgVCq1bkVygt00oASowB7EdtpOHaaPgKt812P9ab+DDKA==",
      "optional": true
    },
    "function-bind": {
      "version": "1.1.1",
      "resolved": "https://registry.npmjs.org/function-bind/-/function-bind-1.1.1.tgz",
      "integrity": "sha512-yIovAzMX49sF8Yl58fSCWJ5svSLuaibPxXQJFLmBObTuCr0Mf1KiPopGM9NiFjiYBCbfaa2Fh6breQ6ANVTI0A=="
    },
    "glob-parent": {
      "version": "5.1.2",
      "resolved": "https://registry.npmjs.org/glob-parent/-/glob-parent-5.1.2.tgz",
      "integrity": "sha512-AOIgSQCepiJYwP3ARnGx+5VnTu2HBYdzbGP45eLw1vr3zB3vZLeyed1sC9hnbcOc9/SrMyM5RPQrkGz4aS9Zow==",
      "requires": {
        "is-glob": "^4.0.1"
      }
    },
    "has": {
      "version": "1.0.3",
      "resolved": "https://registry.npmjs.org/has/-/has-1.0.3.tgz",
      "integrity": "sha512-f2dvO0VU6Oej7RkWJGrehjbzMAjFp5/VKPp5tTpWIV4JHHZK1/BxbFRtf/siA2SWTe09caDmVtYYzWEIbBS4zw==",
      "requires": {
        "function-bind": "^1.1.1"
      }
    },
    "has-flag": {
      "version": "4.0.0",
      "resolved": "https://registry.npmjs.org/has-flag/-/has-flag-4.0.0.tgz",
      "integrity": "sha512-EykJT/Q1KjTWctppgIAgfSO0tKVuZUjhgMr17kqTumMl6Afv3EISleU7qZUzoXDFTAHTDC4NOoG/ZxU3EvlMPQ==",
      "dev": true
    },
    "immutable": {
      "version": "4.3.0",
      "resolved": "https://registry.npmjs.org/immutable/-/immutable-4.3.0.tgz",
      "integrity": "sha512-0AOCmOip+xgJwEVTQj1EfiDDOkPmuyllDuTuEX+DDXUgapLAsBIfkg3sxCYyCEA8mQqZrrxPUGjcOQ2JS3WLkg=="
    },
    "is-binary-path": {
      "version": "2.1.0",
      "resolved": "https://registry.npmjs.org/is-binary-path/-/is-binary-path-2.1.0.tgz",
      "integrity": "sha512-ZMERYes6pDydyuGidse7OsHxtbI7WVeUEozgR/g7rd0xUimYNlvZRE/K2MgZTjWy725IfelLeVcEM97mmtRGXw==",
      "requires": {
        "binary-extensions": "^2.0.0"
      }
    },
    "is-core-module": {
      "version": "2.12.1",
      "resolved": "https://registry.npmjs.org/is-core-module/-/is-core-module-2.12.1.tgz",
      "integrity": "sha512-Q4ZuBAe2FUsKtyQJoQHlvP8OvBERxO3jEmy1I7hcRXcJBGGHFh/aJBswbXuS9sgrDH2QUO8ilkwNPHvHMd8clg==",
      "requires": {
        "has": "^1.0.3"
      }
    },
    "is-extglob": {
      "version": "2.1.1",
      "resolved": "https://registry.npmjs.org/is-extglob/-/is-extglob-2.1.1.tgz",
      "integrity": "sha512-SbKbANkN603Vi4jEZv49LeVJMn4yGwsbzZworEoyEiutsN3nJYdbO36zfhGJ6QEDpOZIFkDtnq5JRxmvl3jsoQ=="
    },
    "is-glob": {
      "version": "4.0.3",
      "resolved": "https://registry.npmjs.org/is-glob/-/is-glob-4.0.3.tgz",
      "integrity": "sha512-xelSayHH36ZgE7ZWhli7pW34hNbNl8Ojv5KVmkJD4hBdD3th8Tfk9vYasLM+mXWOZhFkgZfxhLSnrwRr4elSSg==",
      "requires": {
        "is-extglob": "^2.1.1"
      }
    },
    "is-number": {
      "version": "7.0.0",
      "resolved": "https://registry.npmjs.org/is-number/-/is-number-7.0.0.tgz",
      "integrity": "sha512-41Cifkg6e8TylSpdtTpeLVMqvSBEVzTttHvERD741+pnZ8ANv0004MRL43QKPDlK9cGvNp6NZWZUBlbGXYxxng=="
    },
    "normalize-path": {
      "version": "3.0.0",
      "resolved": "https://registry.npmjs.org/normalize-path/-/normalize-path-3.0.0.tgz",
      "integrity": "sha512-6eZs5Ls3WtCisHWp9S2GUy8dqkpGi4BVSz3GaqiE6ezub0512ESztXUwUB6C6IKbQkY2Pnb/mD4WYojCRwcwLA=="
    },
    "path-parse": {
      "version": "1.0.7",
      "resolved": "https://registry.npmjs.org/path-parse/-/path-parse-1.0.7.tgz",
      "integrity": "sha512-LDJzPVEEEPR+y48z93A0Ed0yXb8pAByGWo/k5YYdYgpY2/2EsOsksJrq7lOHxryrVOn1ejG6oAp8ahvOIQD8sw=="
    },
    "picomatch": {
      "version": "2.3.1",
      "resolved": "https://registry.npmjs.org/picomatch/-/picomatch-2.3.1.tgz",
      "integrity": "sha512-JU3teHTNjmE2VCGFzuY8EXzCDVwEqB2a8fsIvwaStHhAWJEeVd1o1QD80CU6+ZdEXXSLbSsuLwJjkCBWqRQUVA=="
    },
    "readdirp": {
      "version": "3.6.0",
      "resolved": "https://registry.npmjs.org/readdirp/-/readdirp-3.6.0.tgz",
      "integrity": "sha512-hOS089on8RduqdbhvQ5Z37A0ESjsqz6qnRcffsMU3495FuTdqSm+7bhJ29JvIOsBDEEnan5DPu9t3To9VRlMzA==",
      "requires": {
        "picomatch": "^2.2.1"
      }
    },
    "resolve": {
      "version": "1.22.2",
      "resolved": "https://registry.npmjs.org/resolve/-/resolve-1.22.2.tgz",
      "integrity": "sha512-Sb+mjNHOULsBv818T40qSPeRiuWLyaGMa5ewydRLFimneixmVy2zdivRl+AF6jaYPC8ERxGDmFSiqui6SfPd+g==",
      "requires": {
        "is-core-module": "^2.11.0",
        "path-parse": "^1.0.7",
        "supports-preserve-symlinks-flag": "^1.0.0"
      }
    },
    "sass": {
      "version": "1.63.6",
      "resolved": "https://registry.npmjs.org/sass/-/sass-1.63.6.tgz",
      "integrity": "sha512-MJuxGMHzaOW7ipp+1KdELtqKbfAWbH7OLIdoSMnVe3EXPMTmxTmlaZDCTsgIpPCs3w99lLo9/zDKkOrJuT5byw==",
      "requires": {
        "chokidar": ">=3.0.0 <4.0.0",
        "immutable": "^4.0.0",
        "source-map-js": ">=0.6.2 <2.0.0"
      }
    },
    "source-map-js": {
      "version": "1.0.2",
      "resolved": "https://registry.npmjs.org/source-map-js/-/source-map-js-1.0.2.tgz",
      "integrity": "sha512-R0XvVJ9WusLiqTCEiGCmICCMplcCkIwwR11mOSD9CR5u+IXYdiseeEuXCVAjS54zqwkLcPNnmU4OeJ6tUrWhDw=="
    },
    "supports-color": {
      "version": "7.2.0",
      "resolved": "https://registry.npmjs.org/supports-color/-/supports-color-7.2.0.tgz",
      "integrity": "sha512-qpCAvRl9stuOHveKsn7HncJRvv501qIacKzQlO/+Lwxc9+0q2wLyv4Dfvt80/DPn2pqOBsJdDiogXGR9+OvwRw==",
      "dev": true,
      "requires": {
        "has-flag": "^4.0.0"
      }
    },
    "supports-preserve-symlinks-flag": {
      "version": "1.0.0",
      "resolved": "https://registry.npmjs.org/supports-preserve-symlinks-flag/-/supports-preserve-symlinks-flag-1.0.0.tgz",
      "integrity": "sha512-ot0WnXS9fgdkgIcePe6RHNk1WA8+muPa6cSjeR3V8K27q9BB1rTE3R1p7Hv0z1ZyAc8s6Vvv8DIyWf681MAt0w=="
    },
    "to-regex-range": {
      "version": "5.0.1",
      "resolved": "https://registry.npmjs.org/to-regex-range/-/to-regex-range-5.0.1.tgz",
      "integrity": "sha512-65P7iz6X5yEr1cwcgvQxbbIw7Uk3gOy5dIdtZ4rDveLqhrdJP+Li/Hx6tyK0NEb+2GCyneCMJiGqrADCSNk8sQ==",
      "requires": {
        "is-number": "^7.0.0"
      }
    }
  }
}
